// !$*UTF8*$!
{
	archiveVersion = 1;
	classes = {
	};
	objectVersion = 55;
	objects = {

/* Begin PBXBuildFile section */
		414ABA8E27DFCB5C00100E60 /* AppDelegate.swift in Sources */ = {isa = PBXBuildFile; fileRef = 414ABA8D27DFCB5C00100E60 /* AppDelegate.swift */; };
		414ABA9027DFCB5C00100E60 /* SceneDelegate.swift in Sources */ = {isa = PBXBuildFile; fileRef = 414ABA8F27DFCB5C00100E60 /* SceneDelegate.swift */; };
		414ABA9227DFCB5C00100E60 /* SingIn.swift in Sources */ = {isa = PBXBuildFile; fileRef = 414ABA9127DFCB5C00100E60 /* SingIn.swift */; };
		414ABA9527DFCB5C00100E60 /* Main.storyboard in Resources */ = {isa = PBXBuildFile; fileRef = 414ABA9327DFCB5C00100E60 /* Main.storyboard */; };
		414ABA9727DFCB5E00100E60 /* Assets.xcassets in Resources */ = {isa = PBXBuildFile; fileRef = 414ABA9627DFCB5E00100E60 /* Assets.xcassets */; };
		414ABA9A27DFCB5E00100E60 /* LaunchScreen.storyboard in Resources */ = {isa = PBXBuildFile; fileRef = 414ABA9827DFCB5E00100E60 /* LaunchScreen.storyboard */; };
		41D8EFAC27E06B3F00C850E8 /* SignIn.storyboard in Resources */ = {isa = PBXBuildFile; fileRef = 41D8EFAB27E06B3F00C850E8 /* SignIn.storyboard */; };
		41D8EFAE27E06B4600C850E8 /* SignUp.storyboard in Resources */ = {isa = PBXBuildFile; fileRef = 41D8EFAD27E06B4600C850E8 /* SignUp.storyboard */; };
		41D8EFB227E081A300C850E8 /* Alamofire in Frameworks */ = {isa = PBXBuildFile; productRef = 41D8EFB127E081A300C850E8 /* Alamofire */; };
		41D8EFB527E081B700C850E8 /* SwiftyJSON in Frameworks */ = {isa = PBXBuildFile; productRef = 41D8EFB427E081B700C850E8 /* SwiftyJSON */; };
		41D8EFB827E081CD00C850E8 /* SDWebImage in Frameworks */ = {isa = PBXBuildFile; productRef = 41D8EFB727E081CD00C850E8 /* SDWebImage */; };
		41D8EFBB27E081E100C850E8 /* IQKeyboardManagerSwift in Frameworks */ = {isa = PBXBuildFile; productRef = 41D8EFBA27E081E100C850E8 /* IQKeyboardManagerSwift */; };
/* End PBXBuildFile section */

/* Begin PBXFileReference section */
		414ABA8A27DFCB5C00100E60 /* Meditation.app */ = {isa = PBXFileReference; explicitFileType = wrapper.application; includeInIndex = 0; path = Meditation.app; sourceTree = BUILT_PRODUCTS_DIR; };
		414ABA8D27DFCB5C00100E60 /* AppDelegate.swift */ = {isa = PBXFileReference; lastKnownFileType = sourcecode.swift; path = AppDelegate.swift; sourceTree = "<group>"; };
		414ABA8F27DFCB5C00100E60 /* SceneDelegate.swift */ = {isa = PBXFileReference; lastKnownFileType = sourcecode.swift; path = SceneDelegate.swift; sourceTree = "<group>"; };
		414ABA9127DFCB5C00100E60 /* SingIn.swift */ = {isa = PBXFileReference; lastKnownFileType = sourcecode.swift; path = SingIn.swift; sourceTree = "<group>"; };
		414ABA9427DFCB5C00100E60 /* Base */ = {isa = PBXFileReference; lastKnownFileType = file.storyboard; name = Base; path = Base.lproj/Main.storyboard; sourceTree = "<group>"; };
		414ABA9627DFCB5E00100E60 /* Assets.xcassets */ = {isa = PBXFileReference; lastKnownFileType = folder.assetcatalog; path = Assets.xcassets; sourceTree = "<group>"; };
		414ABA9927DFCB5E00100E60 /* Base */ = {isa = PBXFileReference; lastKnownFileType = file.storyboard; name = Base; path = Base.lproj/LaunchScreen.storyboard; sourceTree = "<group>"; };
		414ABA9B27DFCB5E00100E60 /* Info.plist */ = {isa = PBXFileReference; lastKnownFileType = text.plist.xml; path = Info.plist; sourceTree = "<group>"; };
		41D8EFAB27E06B3F00C850E8 /* SignIn.storyboard */ = {isa = PBXFileReference; lastKnownFileType = file.storyboard; path = SignIn.storyboard; sourceTree = "<group>"; };
		41D8EFAD27E06B4600C850E8 /* SignUp.storyboard */ = {isa = PBXFileReference; lastKnownFileType = file.storyboard; path = SignUp.storyboard; sourceTree = "<group>"; };
/* End PBXFileReference section */

/* Begin PBXFrameworksBuildPhase section */
		414ABA8727DFCB5C00100E60 /* Frameworks */ = {
			isa = PBXFrameworksBuildPhase;
			buildActionMask = 2147483647;
			files = (
				41D8EFB827E081CD00C850E8 /* SDWebImage in Frameworks */,
				41D8EFBB27E081E100C850E8 /* IQKeyboardManagerSwift in Frameworks */,
				41D8EFB527E081B700C850E8 /* SwiftyJSON in Frameworks */,
				41D8EFB227E081A300C850E8 /* Alamofire in Frameworks */,
			);
			runOnlyForDeploymentPostprocessing = 0;
		};
/* End PBXFrameworksBuildPhase section */

/* Begin PBXGroup section */
		414ABA8127DFCB5C00100E60 = {
			isa = PBXGroup;
			children = (
				414ABA8C27DFCB5C00100E60 /* Meditation */,
				414ABA8B27DFCB5C00100E60 /* Products */,
			);
			sourceTree = "<group>";
		};
		414ABA8B27DFCB5C00100E60 /* Products */ = {
			isa = PBXGroup;
			children = (
				414ABA8A27DFCB5C00100E60 /* Meditation.app */,
			);
			name = Products;
			sourceTree = "<group>";
		};
		414ABA8C27DFCB5C00100E60 /* Meditation */ = {
			isa = PBXGroup;
			children = (
				414ABAA227DFCB9D00100E60 /* Model */,
				414ABAA127DFCB9900100E60 /* View */,
				414ABAA427DFCBA400100E60 /* Controller */,
				414ABAA327DFCBA000100E60 /* Common */,
				414ABA9B27DFCB5E00100E60 /* Info.plist */,
			);
			path = Meditation;
			sourceTree = "<group>";
		};
		414ABAA127DFCB9900100E60 /* View */ = {
			isa = PBXGroup;
			children = (
				41D8EFAF27E06B6800C850E8 /* Authorization */,
				414ABA9327DFCB5C00100E60 /* Main.storyboard */,
				414ABA9827DFCB5E00100E60 /* LaunchScreen.storyboard */,
			);
			path = View;
			sourceTree = "<group>";
		};
		414ABAA227DFCB9D00100E60 /* Model */ = {
			isa = PBXGroup;
			children = (
			);
			path = Model;
			sourceTree = "<group>";
		};
		414ABAA327DFCBA000100E60 /* Common */ = {
			isa = PBXGroup;
			children = (
				414ABA8F27DFCB5C00100E60 /* SceneDelegate.swift */,
				414ABA8D27DFCB5C00100E60 /* AppDelegate.swift */,
				414ABA9627DFCB5E00100E60 /* Assets.xcassets */,
			);
			path = Common;
			sourceTree = "<group>";
		};
		414ABAA427DFCBA400100E60 /* Controller */ = {
			isa = PBXGroup;
			children = (
				414ABA9127DFCB5C00100E60 /* SingIn.swift */,
			);
			path = Controller;
			sourceTree = "<group>";
		};
		41D8EFAF27E06B6800C850E8 /* Authorization */ = {
			isa = PBXGroup;
			children = (
				41D8EFAB27E06B3F00C850E8 /* SignIn.storyboard */,
				41D8EFAD27E06B4600C850E8 /* SignUp.storyboard */,
			);
			path = Authorization;
			sourceTree = "<group>";
		};
/* End PBXGroup section */

/* Begin PBXNativeTarget section */
		414ABA8927DFCB5C00100E60 /* Meditation */ = {
			isa = PBXNativeTarget;
			buildConfigurationList = 414ABA9E27DFCB5E00100E60 /* Build configuration list for PBXNativeTarget "Meditation" */;
			buildPhases = (
				414ABA8627DFCB5C00100E60 /* Sources */,
				414ABA8727DFCB5C00100E60 /* Frameworks */,
				414ABA8827DFCB5C00100E60 /* Resources */,
			);
			buildRules = (
			);
			dependencies = (
			);
			name = Meditation;
			packageProductDependencies = (
				41D8EFB127E081A300C850E8 /* Alamofire */,
				41D8EFB427E081B700C850E8 /* SwiftyJSON */,
				41D8EFB727E081CD00C850E8 /* SDWebImage */,
				41D8EFBA27E081E100C850E8 /* IQKeyboardManagerSwift */,
			);
			productName = Meditation;
			productReference = 414ABA8A27DFCB5C00100E60 /* Meditation.app */;
			productType = "com.apple.product-type.application";
		};
/* End PBXNativeTarget section */

/* Begin PBXProject section */
		414ABA8227DFCB5C00100E60 /* Project object */ = {
			isa = PBXProject;
			attributes = {
				BuildIndependentTargetsInParallel = 1;
				LastSwiftUpdateCheck = 1320;
				LastUpgradeCheck = 1320;
				TargetAttributes = {
					414ABA8927DFCB5C00100E60 = {
						CreatedOnToolsVersion = 13.2.1;
					};
				};
			};
			buildConfigurationList = 414ABA8527DFCB5C00100E60 /* Build configuration list for PBXProject "Meditation" */;
			compatibilityVersion = "Xcode 13.0";
			developmentRegion = en;
			hasScannedForEncodings = 0;
			knownRegions = (
				en,
				Base,
			);
			mainGroup = 414ABA8127DFCB5C00100E60;
			packageReferences = (
				41D8EFB027E081A300C850E8 /* XCRemoteSwiftPackageReference "Alamofire" */,
				41D8EFB327E081B700C850E8 /* XCRemoteSwiftPackageReference "SwiftyJSON" */,
				41D8EFB627E081CD00C850E8 /* XCRemoteSwiftPackageReference "SDWebImage" */,
				41D8EFB927E081E100C850E8 /* XCRemoteSwiftPackageReference "IQKeyboardManager" */,
			);
			productRefGroup = 414ABA8B27DFCB5C00100E60 /* Products */;
			projectDirPath = "";
			projectRoot = "";
			targets = (
				414ABA8927DFCB5C00100E60 /* Meditation */,
			);
		};
/* End PBXProject section */

/* Begin PBXResourcesBuildPhase section */
		414ABA8827DFCB5C00100E60 /* Resources */ = {
			isa = PBXResourcesBuildPhase;
			buildActionMask = 2147483647;
			files = (
				41D8EFAE27E06B4600C850E8 /* SignUp.storyboard in Resources */,
				41D8EFAC27E06B3F00C850E8 /* SignIn.storyboard in Resources */,
				414ABA9A27DFCB5E00100E60 /* LaunchScreen.storyboard in Resources */,
				414ABA9727DFCB5E00100E60 /* Assets.xcassets in Resources */,
				414ABA9527DFCB5C00100E60 /* Main.storyboard in Resources */,
			);
			runOnlyForDeploymentPostprocessing = 0;
		};
/* End PBXResourcesBuildPhase section */

/* Begin PBXSourcesBuildPhase section */
		414ABA8627DFCB5C00100E60 /* Sources */ = {
			isa = PBXSourcesBuildPhase;
			buildActionMask = 2147483647;
			files = (
				414ABA9227DFCB5C00100E60 /* SingIn.swift in Sources */,
				414ABA8E27DFCB5C00100E60 /* AppDelegate.swift in Sources */,
				414ABA9027DFCB5C00100E60 /* SceneDelegate.swift in Sources */,
			);
			runOnlyForDeploymentPostprocessing = 0;
		};
/* End PBXSourcesBuildPhase section */

/* Begin PBXVariantGroup section */
		414ABA9327DFCB5C00100E60 /* Main.storyboard */ = {
			isa = PBXVariantGroup;
			children = (
				414ABA9427DFCB5C00100E60 /* Base */,
			);
			name = Main.storyboard;
			sourceTree = "<group>";
		};
		414ABA9827DFCB5E00100E60 /* LaunchScreen.storyboard */ = {
			isa = PBXVariantGroup;
			children = (
				414ABA9927DFCB5E00100E60 /* Base */,
			);
			name = LaunchScreen.storyboard;
			sourceTree = "<group>";
		};
/* End PBXVariantGroup section */

/* Begin XCBuildConfiguration section */
		414ABA9C27DFCB5E00100E60 /* Debug */ = {
			isa = XCBuildConfiguration;
			buildSettings = {
				ALWAYS_SEARCH_USER_PATHS = NO;
				CLANG_ANALYZER_NONNULL = YES;
				CLANG_ANALYZER_NUMBER_OBJECT_CONVERSION = YES_AGGRESSIVE;
				CLANG_CXX_LANGUAGE_STANDARD = "gnu++17";
				CLANG_CXX_LIBRARY = "libc++";
				CLANG_ENABLE_MODULES = YES;
				CLANG_ENABLE_OBJC_ARC = YES;
				CLANG_ENABLE_OBJC_WEAK = YES;
				CLANG_WARN_BLOCK_CAPTURE_AUTORELEASING = YES;
				CLANG_WARN_BOOL_CONVERSION = YES;
				CLANG_WARN_COMMA = YES;
				CLANG_WARN_CONSTANT_CONVERSION = YES;
				CLANG_WARN_DEPRECATED_OBJC_IMPLEMENTATIONS = YES;
				CLANG_WARN_DIRECT_OBJC_ISA_USAGE = YES_ERROR;
				CLANG_WARN_DOCUMENTATION_COMMENTS = YES;
				CLANG_WARN_EMPTY_BODY = YES;
				CLANG_WARN_ENUM_CONVERSION = YES;
				CLANG_WARN_INFINITE_RECURSION = YES;
				CLANG_WARN_INT_CONVERSION = YES;
				CLANG_WARN_NON_LITERAL_NULL_CONVERSION = YES;
				CLANG_WARN_OBJC_IMPLICIT_RETAIN_SELF = YES;
				CLANG_WARN_OBJC_LITERAL_CONVERSION = YES;
				CLANG_WARN_OBJC_ROOT_CLASS = YES_ERROR;
				CLANG_WARN_QUOTED_INCLUDE_IN_FRAMEWORK_HEADER = YES;
				CLANG_WARN_RANGE_LOOP_ANALYSIS = YES;
				CLANG_WARN_STRICT_PROTOTYPES = YES;
				CLANG_WARN_SUSPICIOUS_MOVE = YES;
				CLANG_WARN_UNGUARDED_AVAILABILITY = YES_AGGRESSIVE;
				CLANG_WARN_UNREACHABLE_CODE = YES;
				CLANG_WARN__DUPLICATE_METHOD_MATCH = YES;
				COPY_PHASE_STRIP = NO;
				DEBUG_INFORMATION_FORMAT = dwarf;
				ENABLE_STRICT_OBJC_MSGSEND = YES;
				ENABLE_TESTABILITY = YES;
				GCC_C_LANGUAGE_STANDARD = gnu11;
				GCC_DYNAMIC_NO_PIC = NO;
				GCC_NO_COMMON_BLOCKS = YES;
				GCC_OPTIMIZATION_LEVEL = 0;
				GCC_PREPROCESSOR_DEFINITIONS = (
					"DEBUG=1",
					"$(inherited)",
				);
				GCC_WARN_64_TO_32_BIT_CONVERSION = YES;
				GCC_WARN_ABOUT_RETURN_TYPE = YES_ERROR;
				GCC_WARN_UNDECLARED_SELECTOR = YES;
				GCC_WARN_UNINITIALIZED_AUTOS = YES_AGGRESSIVE;
				GCC_WARN_UNUSED_FUNCTION = YES;
				GCC_WARN_UNUSED_VARIABLE = YES;
				IPHONEOS_DEPLOYMENT_TARGET = 15.2;
				MTL_ENABLE_DEBUG_INFO = INCLUDE_SOURCE;
				MTL_FAST_MATH = YES;
				ONLY_ACTIVE_ARCH = YES;
				SDKROOT = iphoneos;
				SWIFT_ACTIVE_COMPILATION_CONDITIONS = DEBUG;
				SWIFT_OPTIMIZATION_LEVEL = "-Onone";
			};
			name = Debug;
		};
		414ABA9D27DFCB5E00100E60 /* Release */ = {
			isa = XCBuildConfiguration;
			buildSettings = {
				ALWAYS_SEARCH_USER_PATHS = NO;
				CLANG_ANALYZER_NONNULL = YES;
				CLANG_ANALYZER_NUMBER_OBJECT_CONVERSION = YES_AGGRESSIVE;
				CLANG_CXX_LANGUAGE_STANDARD = "gnu++17";
				CLANG_CXX_LIBRARY = "libc++";
				CLANG_ENABLE_MODULES = YES;
				CLANG_ENABLE_OBJC_ARC = YES;
				CLANG_ENABLE_OBJC_WEAK = YES;
				CLANG_WARN_BLOCK_CAPTURE_AUTORELEASING = YES;
				CLANG_WARN_BOOL_CONVERSION = YES;
				CLANG_WARN_COMMA = YES;
				CLANG_WARN_CONSTANT_CONVERSION = YES;
				CLANG_WARN_DEPRECATED_OBJC_IMPLEMENTATIONS = YES;
				CLANG_WARN_DIRECT_OBJC_ISA_USAGE = YES_ERROR;
				CLANG_WARN_DOCUMENTATION_COMMENTS = YES;
				CLANG_WARN_EMPTY_BODY = YES;
				CLANG_WARN_ENUM_CONVERSION = YES;
				CLANG_WARN_INFINITE_RECURSION = YES;
				CLANG_WARN_INT_CONVERSION = YES;
				CLANG_WARN_NON_LITERAL_NULL_CONVERSION = YES;
				CLANG_WARN_OBJC_IMPLICIT_RETAIN_SELF = YES;
				CLANG_WARN_OBJC_LITERAL_CONVERSION = YES;
				CLANG_WARN_OBJC_ROOT_CLASS = YES_ERROR;
				CLANG_WARN_QUOTED_INCLUDE_IN_FRAMEWORK_HEADER = YES;
				CLANG_WARN_RANGE_LOOP_ANALYSIS = YES;
				CLANG_WARN_STRICT_PROTOTYPES = YES;
				CLANG_WARN_SUSPICIOUS_MOVE = YES;
				CLANG_WARN_UNGUARDED_AVAILABILITY = YES_AGGRESSIVE;
				CLANG_WARN_UNREACHABLE_CODE = YES;
				CLANG_WARN__DUPLICATE_METHOD_MATCH = YES;
				COPY_PHASE_STRIP = NO;
				DEBUG_INFORMATION_FORMAT = "dwarf-with-dsym";
				ENABLE_NS_ASSERTIONS = NO;
				ENABLE_STRICT_OBJC_MSGSEND = YES;
				GCC_C_LANGUAGE_STANDARD = gnu11;
				GCC_NO_COMMON_BLOCKS = YES;
				GCC_WARN_64_TO_32_BIT_CONVERSION = YES;
				GCC_WARN_ABOUT_RETURN_TYPE = YES_ERROR;
				GCC_WARN_UNDECLARED_SELECTOR = YES;
				GCC_WARN_UNINITIALIZED_AUTOS = YES_AGGRESSIVE;
				GCC_WARN_UNUSED_FUNCTION = YES;
				GCC_WARN_UNUSED_VARIABLE = YES;
				IPHONEOS_DEPLOYMENT_TARGET = 15.2;
				MTL_ENABLE_DEBUG_INFO = NO;
				MTL_FAST_MATH = YES;
				SDKROOT = iphoneos;
				SWIFT_COMPILATION_MODE = wholemodule;
				SWIFT_OPTIMIZATION_LEVEL = "-O";
				VALIDATE_PRODUCT = YES;
			};
			name = Release;
		};
		414ABA9F27DFCB5E00100E60 /* Debug */ = {
			isa = XCBuildConfiguration;
			buildSettings = {
				ASSETCATALOG_COMPILER_APPICON_NAME = AppIcon;
				ASSETCATALOG_COMPILER_GLOBAL_ACCENT_COLOR_NAME = AccentColor;
				CODE_SIGN_STYLE = Automatic;
				CURRENT_PROJECT_VERSION = 1;
				GENERATE_INFOPLIST_FILE = YES;
				INFOPLIST_FILE = Meditation/Info.plist;
				INFOPLIST_KEY_UIApplicationSupportsIndirectInputEvents = YES;
				INFOPLIST_KEY_UILaunchStoryboardName = LaunchScreen;
				INFOPLIST_KEY_UIMainStoryboardFile = Main;
				INFOPLIST_KEY_UISupportedInterfaceOrientations_iPad = "UIInterfaceOrientationPortrait UIInterfaceOrientationPortraitUpsideDown UIInterfaceOrientationLandscapeLeft UIInterfaceOrientationLandscapeRight";
				INFOPLIST_KEY_UISupportedInterfaceOrientations_iPhone = "UIInterfaceOrientationPortrait UIInterfaceOrientationLandscapeLeft UIInterfaceOrientationLandscapeRight";
				LD_RUNPATH_SEARCH_PATHS = (
					"$(inherited)",
					"@executable_path/Frameworks",
				);
				MARKETING_VERSION = 1.0;
				PRODUCT_BUNDLE_IDENTIFIER = com.raywenderlich.Meditation;
				PRODUCT_NAME = "$(TARGET_NAME)";
				SWIFT_EMIT_LOC_STRINGS = YES;
				SWIFT_VERSION = 5.0;
				TARGETED_DEVICE_FAMILY = "1,2";
			};
			name = Debug;
		};
		414ABAA027DFCB5E00100E60 /* Release */ = {
			isa = XCBuildConfiguration;
			buildSettings = {
				ASSETCATALOG_COMPILER_APPICON_NAME = AppIcon;
				ASSETCATALOG_COMPILER_GLOBAL_ACCENT_COLOR_NAME = AccentColor;
				CODE_SIGN_STYLE = Automatic;
				CURRENT_PROJECT_VERSION = 1;
				GENERATE_INFOPLIST_FILE = YES;
				INFOPLIST_FILE = Meditation/Info.plist;
				INFOPLIST_KEY_UIApplicationSupportsIndirectInputEvents = YES;
				INFOPLIST_KEY_UILaunchStoryboardName = LaunchScreen;
				INFOPLIST_KEY_UIMainStoryboardFile = Main;
				INFOPLIST_KEY_UISupportedInterfaceOrientations_iPad = "UIInterfaceOrientationPortrait UIInterfaceOrientationPortraitUpsideDown UIInterfaceOrientationLandscapeLeft UIInterfaceOrientationLandscapeRight";
				INFOPLIST_KEY_UISupportedInterfaceOrientations_iPhone = "UIInterfaceOrientationPortrait UIInterfaceOrientationLandscapeLeft UIInterfaceOrientationLandscapeRight";
				LD_RUNPATH_SEARCH_PATHS = (
					"$(inherited)",
					"@executable_path/Frameworks",
				);
				MARKETING_VERSION = 1.0;
				PRODUCT_BUNDLE_IDENTIFIER = com.raywenderlich.Meditation;
				PRODUCT_NAME = "$(TARGET_NAME)";
				SWIFT_EMIT_LOC_STRINGS = YES;
				SWIFT_VERSION = 5.0;
				TARGETED_DEVICE_FAMILY = "1,2";
			};
			name = Release;
		};
/* End XCBuildConfiguration section */

/* Begin XCConfigurationList section */
		414ABA8527DFCB5C00100E60 /* Build configuration list for PBXProject "Meditation" */ = {
			isa = XCConfigurationList;
			buildConfigurations = (
				414ABA9C27DFCB5E00100E60 /* Debug */,
				414ABA9D27DFCB5E00100E60 /* Release */,
			);
			defaultConfigurationIsVisible = 0;
			defaultConfigurationName = Release;
		};
		414ABA9E27DFCB5E00100E60 /* Build configuration list for PBXNativeTarget "Meditation" */ = {
			isa = XCConfigurationList;
			buildConfigurations = (
				414ABA9F27DFCB5E00100E60 /* Debug */,
				414ABAA027DFCB5E00100E60 /* Release */,
			);
			defaultConfigurationIsVisible = 0;
			defaultConfigurationName = Release;
		};
/* End XCConfigurationList section */

/* Begin XCRemoteSwiftPackageReference section */
		41D8EFB027E081A300C850E8 /* XCRemoteSwiftPackageReference "Alamofire" */ = {
			isa = XCRemoteSwiftPackageReference;
			repositoryURL = "https://github.com/Alamofire/Alamofire";
			requirement = {
				kind = upToNextMajorVersion;
				minimumVersion = 5.0.0;
			};
		};
		41D8EFB327E081B700C850E8 /* XCRemoteSwiftPackageReference "SwiftyJSON" */ = {
			isa = XCRemoteSwiftPackageReference;
			repositoryURL = "https://github.com/SwiftyJSON/SwiftyJSON";
			requirement = {
				kind = upToNextMinorVersion;
				minimumVersion = 5.0.0;
			};
		};
		41D8EFB627E081CD00C850E8 /* XCRemoteSwiftPackageReference "SDWebImage" */ = {
			isa = XCRemoteSwiftPackageReference;
			repositoryURL = "https://github.com/SDWebImage/SDWebImage";
			requirement = {
				kind = upToNextMajorVersion;
				minimumVersion = 5.0.0;
			};
		};
		41D8EFB927E081E100C850E8 /* XCRemoteSwiftPackageReference "IQKeyboardManager" */ = {
			isa = XCRemoteSwiftPackageReference;
			repositoryURL = "https://github.com/hackiftekhar/IQKeyboardManager";
			requirement = {
				branch = master;
				kind = branch;
			};
		};
/* End XCRemoteSwiftPackageReference section */

/* Begin XCSwiftPackageProductDependency section */
		41D8EFB127E081A300C850E8 /* Alamofire */ = {
			isa = XCSwiftPackageProductDependency;
			package = 41D8EFB027E081A300C850E8 /* XCRemoteSwiftPackageReference "Alamofire" */;
			productName = Alamofire;
		};
		41D8EFB427E081B700C850E8 /* SwiftyJSON */ = {
			isa = XCSwiftPackageProductDependency;
			package = 41D8EFB327E081B700C850E8 /* XCRemoteSwiftPackageReference "SwiftyJSON" */;
			productName = SwiftyJSON;
		};
		41D8EFB727E081CD00C850E8 /* SDWebImage */ = {
			isa = XCSwiftPackageProductDependency;
			package = 41D8EFB627E081CD00C850E8 /* XCRemoteSwiftPackageReference "SDWebImage" */;
			productName = SDWebImage;
		};
		41D8EFBA27E081E100C850E8 /* IQKeyboardManagerSwift */ = {
			isa = XCSwiftPackageProductDependency;
			package = 41D8EFB927E081E100C850E8 /* XCRemoteSwiftPackageReference "IQKeyboardManager" */;
			productName = IQKeyboardManagerSwift;
		};
/* End XCSwiftPackageProductDependency section */
	};
	rootObject = 414ABA8227DFCB5C00100E60 /* Project object */;
}
